
Microsoft Visual Studio Solution File, Format Version 12.00
# Visual Studio 15
VisualStudioVersion = 15.0.28307.852
MinimumVisualStudioVersion = 10.0.40219.1
Project("{FAE04EC0-301F-11D3-BF4B-00C04F79EFBC}") = "app001_consultarCep.Android", "app001_consultarCep\app001_consultarCep.Android\app001_consultarCep.Android.csproj", "{6F1CE950-DD31-4AF8-884E-998CEBEEF672}"
EndProject
Project("{FAE04EC0-301F-11D3-BF4B-00C04F79EFBC}") = "app001_consultarCep.iOS", "app001_consultarCep\app001_consultarCep.iOS\app001_consultarCep.iOS.csproj", "{BE922B27-E9B0-4466-B0D3-DE65135DD2D4}"
EndProject
Project("{FAE04EC0-301F-11D3-BF4B-00C04F79EFBC}") = "app001_consultarCep", "app001_consultarCep\app001_consultarCep\app001_consultarCep.csproj", "{E520AF70-DB44-4AF1-B682-9287DEE1C9BF}"
EndProject
Global
	GlobalSection(SolutionConfigurationPlatforms) = preSolution
		Ad-Hoc|Any CPU = Ad-Hoc|Any CPU
		Ad-Hoc|iPhone = Ad-Hoc|iPhone
		Ad-Hoc|iPhoneSimulator = Ad-Hoc|iPhoneSimulator
		AppStore|Any CPU = AppStore|Any CPU
		AppStore|iPhone = AppStore|iPhone
		AppStore|iPhoneSimulator = AppStore|iPhoneSimulator
		Debug|Any CPU = Debug|Any CPU
		Debug|iPhone = Debug|iPhone
		Debug|iPhoneSimulator = Debug|iPhoneSimulator
		Release|Any CPU = Release|Any CPU
		Release|iPhone = Release|iPhone
		Release|iPhoneSimulator = Release|iPhoneSimulator
	EndGlobalSection
	GlobalSection(ProjectConfigurationPlatforms) = postSolution
		{6F1CE950-DD31-4AF8-884E-998CEBEEF672}.Ad-Hoc|Any CPU.ActiveCfg = Release|Any CPU
		{6F1CE950-DD31-4AF8-884E-998CEBEEF672}.Ad-Hoc|Any CPU.Build.0 = Release|Any CPU
		{6F1CE950-DD31-4AF8-884E-998CEBEEF672}.Ad-Hoc|Any CPU.Deploy.0 = Release|Any CPU
		{6F1CE950-DD31-4AF8-884E-998CEBEEF672}.Ad-Hoc|iPhone.ActiveCfg = Release|Any CPU
		{6F1CE950-DD31-4AF8-884E-998CEBEEF672}.Ad-Hoc|iPhone.Build.0 = Release|Any CPU
		{6F1CE950-DD31-4AF8-884E-998CEBEEF672}.Ad-Hoc|iPhone.Deploy.0 = Release|Any CPU
		{6F1CE950-DD31-4AF8-884E-998CEBEEF672}.Ad-Hoc|iPhoneSimulator.ActiveCfg = Release|Any CPU
		{6F1CE950-DD31-4AF8-884E-998CEBEEF672}.Ad-Hoc|iPhoneSimulator.Build.0 = Release|Any CPU
		{6F1CE950-DD31-4AF8-884E-998CEBEEF672}.Ad-Hoc|iPhoneSimulator.Deploy.0 = Release|Any CPU
		{6F1CE950-DD31-4AF8-884E-998CEBEEF672}.AppStore|Any CPU.ActiveCfg = Release|Any CPU
		{6F1CE950-DD31-4AF8-884E-998CEBEEF672}.AppStore|Any CPU.Build.0 = Release|Any CPU
		{6F1CE950-DD31-4AF8-884E-998CEBEEF672}.AppStore|Any CPU.Deploy.0 = Release|Any CPU
		{6F1CE950-DD31-4AF8-884E-998CEBEEF672}.AppStore|iPhone.ActiveCfg = Release|Any CPU
		{6F1CE950-DD31-4AF8-884E-998CEBEEF672}.AppStore|iPhone.Build.0 = Release|Any CPU
		{6F1CE950-DD31-4AF8-884E-998CEBEEF672}.AppStore|iPhone.Deploy.0 = Release|Any CPU
		{6F1CE950-DD31-4AF8-884E-998CEBEEF672}.AppStore|iPhoneSimulator.ActiveCfg = Release|Any CPU
		{6F1CE950-DD31-4AF8-884E-998CEBEEF672}.AppStore|iPhoneSimulator.Build.0 = Release|Any CPU
		{6F1CE950-DD31-4AF8-884E-998CEBEEF672}.AppStore|iPhoneSimulator.Deploy.0 = Release|Any CPU
		{6F1CE950-DD31-4AF8-884E-998CEBEEF672}.Debug|Any CPU.ActiveCfg = Debug|Any CPU
		{6F1CE950-DD31-4AF8-884E-998CEBEEF672}.Debug|Any CPU.Build.0 = Debug|Any CPU
		{6F1CE950-DD31-4AF8-884E-998CEBEEF672}.Debug|Any CPU.Deploy.0 = Debug|Any CPU
		{6F1CE950-DD31-4AF8-884E-998CEBEEF672}.Debug|iPhone.ActiveCfg = Debug|Any CPU
		{6F1CE950-DD31-4AF8-884E-998CEBEEF672}.Debug|iPhone.Build.0 = Debug|Any CPU
		{6F1CE950-DD31-4AF8-884E-998CEBEEF672}.Debug|iPhone.Deploy.0 = Debug|Any CPU
		{6F1CE950-DD31-4AF8-884E-998CEBEEF672}.Debug|iPhoneSimulator.ActiveCfg = Debug|Any CPU
		{6F1CE950-DD31-4AF8-884E-998CEBEEF672}.Debug|iPhoneSimulator.Build.0 = Debug|Any CPU
		{6F1CE950-DD31-4AF8-884E-998CEBEEF672}.Debug|iPhoneSimulator.Deploy.0 = Debug|Any CPU
		{6F1CE950-DD31-4AF8-884E-998CEBEEF672}.Release|Any CPU.ActiveCfg = Release|Any CPU
		{6F1CE950-DD31-4AF8-884E-998CEBEEF672}.Release|Any CPU.Build.0 = Release|Any CPU
		{6F1CE950-DD31-4AF8-884E-998CEBEEF672}.Release|Any CPU.Deploy.0 = Release|Any CPU
		{6F1CE950-DD31-4AF8-884E-998CEBEEF672}.Release|iPhone.ActiveCfg = Release|Any CPU
		{6F1CE950-DD31-4AF8-884E-998CEBEEF672}.Release|iPhone.Build.0 = Release|Any CPU
		{6F1CE950-DD31-4AF8-884E-998CEBEEF672}.Release|iPhone.Deploy.0 = Release|Any CPU
		{6F1CE950-DD31-4AF8-884E-998CEBEEF672}.Release|iPhoneSimulator.ActiveCfg = Release|Any CPU
		{6F1CE950-DD31-4AF8-884E-998CEBEEF672}.Release|iPhoneSimulator.Build.0 = Release|Any CPU
		{6F1CE950-DD31-4AF8-884E-998CEBEEF672}.Release|iPhoneSimulator.Deploy.0 = Release|Any CPU
		{BE922B27-E9B0-4466-B0D3-DE65135DD2D4}.Ad-Hoc|Any CPU.ActiveCfg = Ad-Hoc|iPhone
		{BE922B27-E9B0-4466-B0D3-DE65135DD2D4}.Ad-Hoc|Any CPU.Build.0 = Ad-Hoc|iPhone
		{BE922B27-E9B0-4466-B0D3-DE65135DD2D4}.Ad-Hoc|Any CPU.Deploy.0 = Ad-Hoc|iPhone
		{BE922B27-E9B0-4466-B0D3-DE65135DD2D4}.Ad-Hoc|iPhone.ActiveCfg = Ad-Hoc|iPhone
		{BE922B27-E9B0-4466-B0D3-DE65135DD2D4}.Ad-Hoc|iPhone.Build.0 = Ad-Hoc|iPhone
		{BE922B27-E9B0-4466-B0D3-DE65135DD2D4}.Ad-Hoc|iPhone.Deploy.0 = Ad-Hoc|iPhone
		{BE922B27-E9B0-4466-B0D3-DE65135DD2D4}.Ad-Hoc|iPhoneSimulator.ActiveCfg = Ad-Hoc|iPhoneSimulator
		{BE922B27-E9B0-4466-B0D3-DE65135DD2D4}.Ad-Hoc|iPhoneSimulator.Build.0 = Ad-Hoc|iPhoneSimulator
		{BE922B27-E9B0-4466-B0D3-DE65135DD2D4}.Ad-Hoc|iPhoneSimulator.Deploy.0 = Ad-Hoc|iPhoneSimulator
		{BE922B27-E9B0-4466-B0D3-DE65135DD2D4}.AppStore|Any CPU.ActiveCfg = AppStore|iPhone
		{BE922B27-E9B0-4466-B0D3-DE65135DD2D4}.AppStore|Any CPU.Build.0 = AppStore|iPhone
		{BE922B27-E9B0-4466-B0D3-DE65135DD2D4}.AppStore|Any CPU.Deploy.0 = AppStore|iPhone
		{BE922B27-E9B0-4466-B0D3-DE65135DD2D4}.AppStore|iPhone.ActiveCfg = AppStore|iPhone
		{BE922B27-E9B0-4466-B0D3-DE65135DD2D4}.AppStore|iPhone.Build.0 = AppStore|iPhone
		{BE922B27-E9B0-4466-B0D3-DE65135DD2D4}.AppStore|iPhone.Deploy.0 = AppStore|iPhone
		{BE922B27-E9B0-4466-B0D3-DE65135DD2D4}.AppStore|iPhoneSimulator.ActiveCfg = AppStore|iPhoneSimulator
		{BE922B27-E9B0-4466-B0D3-DE65135DD2D4}.AppStore|iPhoneSimulator.Build.0 = AppStore|iPhoneSimulator
		{BE922B27-E9B0-4466-B0D3-DE65135DD2D4}.AppStore|iPhoneSimulator.Deploy.0 = AppStore|iPhoneSimulator
		{BE922B27-E9B0-4466-B0D3-DE65135DD2D4}.Debug|Any CPU.ActiveCfg = Debug|iPhoneSimulator
		{BE922B27-E9B0-4466-B0D3-DE65135DD2D4}.Debug|Any CPU.Build.0 = Debug|iPhoneSimulator
		{BE922B27-E9B0-4466-B0D3-DE65135DD2D4}.Debug|Any CPU.Deploy.0 = Debug|iPhoneSimulator
		{BE922B27-E9B0-4466-B0D3-DE65135DD2D4}.Debug|iPhone.ActiveCfg = Debug|iPhone
		{BE922B27-E9B0-4466-B0D3-DE65135DD2D4}.Debug|iPhone.Build.0 = Debug|iPhone
		{BE922B27-E9B0-4466-B0D3-DE65135DD2D4}.Debug|iPhone.Deploy.0 = Debug|iPhone
		{BE922B27-E9B0-4466-B0D3-DE65135DD2D4}.Debug|iPhoneSimulator.ActiveCfg = Debug|iPhoneSimulator
		{BE922B27-E9B0-4466-B0D3-DE65135DD2D4}.Debug|iPhoneSimulator.Build.0 = Debug|iPhoneSimulator
		{BE922B27-E9B0-4466-B0D3-DE65135DD2D4}.Debug|iPhoneSimulator.Deploy.0 = Debug|iPhoneSimulator
		{BE922B27-E9B0-4466-B0D3-DE65135DD2D4}.Release|Any CPU.ActiveCfg = Release|iPhone
		{BE922B27-E9B0-4466-B0D3-DE65135DD2D4}.Release|Any CPU.Build.0 = Release|iPhone
		{BE922B27-E9B0-4466-B0D3-DE65135DD2D4}.Release|Any CPU.Deploy.0 = Release|iPhone
		{BE922B27-E9B0-4466-B0D3-DE65135DD2D4}.Release|iPhone.ActiveCfg = Release|iPhone
		{BE922B27-E9B0-4466-B0D3-DE65135DD2D4}.Release|iPhone.Build.0 = Release|iPhone
		{BE922B27-E9B0-4466-B0D3-DE65135DD2D4}.Release|iPhone.Deploy.0 = Release|iPhone
		{BE922B27-E9B0-4466-B0D3-DE65135DD2D4}.Release|iPhoneSimulator.ActiveCfg = Release|iPhoneSimulator
		{BE922B27-E9B0-4466-B0D3-DE65135DD2D4}.Release|iPhoneSimulator.Build.0 = Release|iPhoneSimulator
		{BE922B27-E9B0-4466-B0D3-DE65135DD2D4}.Release|iPhoneSimulator.Deploy.0 = Release|iPhoneSimulator
		{E520AF70-DB44-4AF1-B682-9287DEE1C9BF}.Ad-Hoc|Any CPU.ActiveCfg = Debug|Any CPU
		{E520AF70-DB44-4AF1-B682-9287DEE1C9BF}.Ad-Hoc|Any CPU.Build.0 = Debug|Any CPU
		{E520AF70-DB44-4AF1-B682-9287DEE1C9BF}.Ad-Hoc|Any CPU.Deploy.0 = Debug|Any CPU
		{E520AF70-DB44-4AF1-B682-9287DEE1C9BF}.Ad-Hoc|iPhone.ActiveCfg = Debug|Any CPU
		{E520AF70-DB44-4AF1-B682-9287DEE1C9BF}.Ad-Hoc|iPhone.Build.0 = Debug|Any CPU
		{E520AF70-DB44-4AF1-B682-9287DEE1C9BF}.Ad-Hoc|iPhone.Deploy.0 = Debug|Any CPU
		{E520AF70-DB44-4AF1-B682-9287DEE1C9BF}.Ad-Hoc|iPhoneSimulator.ActiveCfg = Debug|Any CPU
		{E520AF70-DB44-4AF1-B682-9287DEE1C9BF}.Ad-Hoc|iPhoneSimulator.Build.0 = Debug|Any CPU
		{E520AF70-DB44-4AF1-B682-9287DEE1C9BF}.Ad-Hoc|iPhoneSimulator.Deploy.0 = Debug|Any CPU
		{E520AF70-DB44-4AF1-B682-9287DEE1C9BF}.AppStore|Any CPU.ActiveCfg = Debug|Any CPU
		{E520AF70-DB44-4AF1-B682-9287DEE1C9BF}.AppStore|Any CPU.Build.0 = Debug|Any CPU
		{E520AF70-DB44-4AF1-B682-9287DEE1C9BF}.AppStore|Any CPU.Deploy.0 = Debug|Any CPU
		{E520AF70-DB44-4AF1-B682-9287DEE1C9BF}.AppStore|iPhone.ActiveCfg = Debug|Any CPU
		{E520AF70-DB44-4AF1-B682-9287DEE1C9BF}.AppStore|iPhone.Build.0 = Debug|Any CPU
		{E520AF70-DB44-4AF1-B682-9287DEE1C9BF}.AppStore|iPhone.Deploy.0 = Debug|Any CPU
		{E520AF70-DB44-4AF1-B682-9287DEE1C9BF}.AppStore|iPhoneSimulator.ActiveCfg = Debug|Any CPU
		{E520AF70-DB44-4AF1-B682-9287DEE1C9BF}.AppStore|iPhoneSimulator.Build.0 = Debug|Any CPU
		{E520AF70-DB44-4AF1-B682-9287DEE1C9BF}.AppStore|iPhoneSimulator.Deploy.0 = Debug|Any CPU
		{E520AF70-DB44-4AF1-B682-9287DEE1C9BF}.Debug|Any CPU.ActiveCfg = Debug|Any CPU
		{E520AF70-DB44-4AF1-B682-9287DEE1C9BF}.Debug|Any CPU.Build.0 = Debug|Any CPU
		{E520AF70-DB44-4AF1-B682-9287DEE1C9BF}.Debug|Any CPU.Deploy.0 = Debug|Any CPU
		{E520AF70-DB44-4AF1-B682-9287DEE1C9BF}.Debug|iPhone.ActiveCfg = Debug|Any CPU
		{E520AF70-DB44-4AF1-B682-9287DEE1C9BF}.Debug|iPhone.Build.0 = Debug|Any CPU
		{E520AF70-DB44-4AF1-B682-9287DEE1C9BF}.Debug|iPhone.Deploy.0 = Debug|Any CPU
		{E520AF70-DB44-4AF1-B682-9287DEE1C9BF}.Debug|iPhoneSimulator.ActiveCfg = Debug|Any CPU
		{E520AF70-DB44-4AF1-B682-9287DEE1C9BF}.Debug|iPhoneSimulator.Build.0 = Debug|Any CPU
		{E520AF70-DB44-4AF1-B682-9287DEE1C9BF}.Debug|iPhoneSimulator.Deploy.0 = Debug|Any CPU
		{E520AF70-DB44-4AF1-B682-9287DEE1C9BF}.Release|Any CPU.ActiveCfg = Release|Any CPU
		{E520AF70-DB44-4AF1-B682-9287DEE1C9BF}.Release|Any CPU.Build.0 = Release|Any CPU
		{E520AF70-DB44-4AF1-B682-9287DEE1C9BF}.Release|Any CPU.Deploy.0 = Release|Any CPU
		{E520AF70-DB44-4AF1-B682-9287DEE1C9BF}.Release|iPhone.ActiveCfg = Release|Any CPU
		{E520AF70-DB44-4AF1-B682-9287DEE1C9BF}.Release|iPhone.Build.0 = Release|Any CPU
		{E520AF70-DB44-4AF1-B682-9287DEE1C9BF}.Release|iPhone.Deploy.0 = Release|Any CPU
		{E520AF70-DB44-4AF1-B682-9287DEE1C9BF}.Release|iPhoneSimulator.ActiveCfg = Release|Any CPU
		{E520AF70-DB44-4AF1-B682-9287DEE1C9BF}.Release|iPhoneSimulator.Build.0 = Release|Any CPU
		{E520AF70-DB44-4AF1-B682-9287DEE1C9BF}.Release|iPhoneSimulator.Deploy.0 = Release|Any CPU
	EndGlobalSection
	GlobalSection(SolutionProperties) = preSolution
		HideSolutionNode = FALSE
	EndGlobalSection
	GlobalSection(ExtensibilityGlobals) = postSolution
		SolutionGuid = {8301D7C8-23A2-4264-BF90-5D6E712CB30F}
	EndGlobalSection
EndGlobal
